// !$*UTF8*$!
{
	archiveVersion = 1;
	classes = {
	};
	objectVersion = 46;
	objects = {

/* Begin PBXBuildFile section */
		4C6F2C95F92346FF824B2B1E /* libPods.a in Frameworks */ = {isa = PBXBuildFile; fileRef = 25BD2486049245F89E7307AD /* libPods.a */; };
		924D199018FFCFDD00247787 /* Foundation.framework in Frameworks */ = {isa = PBXBuildFile; fileRef = 924D198F18FFCFDD00247787 /* Foundation.framework */; };
		924D199218FFCFDD00247787 /* CoreGraphics.framework in Frameworks */ = {isa = PBXBuildFile; fileRef = 924D199118FFCFDD00247787 /* CoreGraphics.framework */; };
		924D199418FFCFDD00247787 /* UIKit.framework in Frameworks */ = {isa = PBXBuildFile; fileRef = 924D199318FFCFDD00247787 /* UIKit.framework */; };
		924D199A18FFCFDD00247787 /* InfoPlist.strings in Resources */ = {isa = PBXBuildFile; fileRef = 924D199818FFCFDD00247787 /* InfoPlist.strings */; };
		924D199C18FFCFDD00247787 /* main.m in Sources */ = {isa = PBXBuildFile; fileRef = 924D199B18FFCFDD00247787 /* main.m */; };
		924D19A018FFCFDD00247787 /* AppDelegate.m in Sources */ = {isa = PBXBuildFile; fileRef = 924D199F18FFCFDD00247787 /* AppDelegate.m */; };
		924D19A218FFCFDD00247787 /* Images.xcassets in Resources */ = {isa = PBXBuildFile; fileRef = 924D19A118FFCFDD00247787 /* Images.xcassets */; };
		924D19F418FFD63D00247787 /* BaseViewController.m in Sources */ = {isa = PBXBuildFile; fileRef = 924D19F318FFD63D00247787 /* BaseViewController.m */; };
		924D19FD18FFD75200247787 /* QuartzCore.framework in Frameworks */ = {isa = PBXBuildFile; fileRef = 924D19FC18FFD75200247787 /* QuartzCore.framework */; };
		924D1A0118FFD8BE00247787 /* shareFun.m in Sources */ = {isa = PBXBuildFile; fileRef = 924D1A0018FFD8BE00247787 /* shareFun.m */; };
		924D1A0E18FFD8EB00247787 /* FirstViewController.m in Sources */ = {isa = PBXBuildFile; fileRef = 924D1A0318FFD8EB00247787 /* FirstViewController.m */; };
		924D1A0F18FFD8EB00247787 /* FirstViewController.xib in Resources */ = {isa = PBXBuildFile; fileRef = 924D1A0418FFD8EB00247787 /* FirstViewController.xib */; };
		924D1A1018FFD8EB00247787 /* SecondViewController.m in Sources */ = {isa = PBXBuildFile; fileRef = 924D1A0618FFD8EB00247787 /* SecondViewController.m */; };
		924D1A1118FFD8EB00247787 /* SecondViewController.xib in Resources */ = {isa = PBXBuildFile; fileRef = 924D1A0718FFD8EB00247787 /* SecondViewController.xib */; };
		924D1A1218FFD8EB00247787 /* ThirdViewController.m in Sources */ = {isa = PBXBuildFile; fileRef = 924D1A0918FFD8EB00247787 /* ThirdViewController.m */; };
		924D1A1318FFD8EB00247787 /* ThirdViewController.xib in Resources */ = {isa = PBXBuildFile; fileRef = 924D1A0A18FFD8EB00247787 /* ThirdViewController.xib */; };
		924D1A1418FFD8EB00247787 /* FourthViewController.m in Sources */ = {isa = PBXBuildFile; fileRef = 924D1A0C18FFD8EB00247787 /* FourthViewController.m */; };
		924D1A1518FFD8EB00247787 /* FourthViewController.xib in Resources */ = {isa = PBXBuildFile; fileRef = 924D1A0D18FFD8EB00247787 /* FourthViewController.xib */; };
		924D1A3018FFDAE300247787 /* navigationbar_background_tall.png in Resources */ = {isa = PBXBuildFile; fileRef = 924D1A1C18FFDAE300247787 /* navigationbar_background_tall.png */; };
		924D1A3118FFDAE300247787 /* navigationbar_background_tall@2x.png in Resources */ = {isa = PBXBuildFile; fileRef = 924D1A1D18FFDAE300247787 /* navigationbar_background_tall@2x.png */; };
		924D1A3218FFDAE300247787 /* navigationbar_background.png in Resources */ = {isa = PBXBuildFile; fileRef = 924D1A1E18FFDAE300247787 /* navigationbar_background.png */; };
		924D1A3318FFDAE300247787 /* navigationbar_background@2x.png in Resources */ = {isa = PBXBuildFile; fileRef = 924D1A1F18FFDAE300247787 /* navigationbar_background@2x.png */; };
		924D1AA61900D07200247787 /* NSArray+SafeKit.m in Sources */ = {isa = PBXBuildFile; fileRef = 924D1A8D1900D07200247787 /* NSArray+SafeKit.m */; };
		924D1AA71900D07200247787 /* NSDictionary+SafeKit.m in Sources */ = {isa = PBXBuildFile; fileRef = 924D1A8F1900D07200247787 /* NSDictionary+SafeKit.m */; };
		924D1AA81900D07200247787 /* NSMutableArray+SafeKit.m in Sources */ = {isa = PBXBuildFile; fileRef = 924D1A911900D07200247787 /* NSMutableArray+SafeKit.m */; };
		924D1AA91900D07200247787 /* NSMutableDictionary+SafeKit.m in Sources */ = {isa = PBXBuildFile; fileRef = 924D1A931900D07200247787 /* NSMutableDictionary+SafeKit.m */; };
		924D1AAA1900D07200247787 /* NSMutableString+SafeKit.m in Sources */ = {isa = PBXBuildFile; fileRef = 924D1A951900D07200247787 /* NSMutableString+SafeKit.m */; };
		924D1AAB1900D07200247787 /* NSObject+SafeKit.m in Sources */ = {isa = PBXBuildFile; fileRef = 924D1A971900D07200247787 /* NSObject+SafeKit.m */; settings = {COMPILER_FLAGS = "-fno-objc-arc"; }; };
		924D1AAC1900D07200247787 /* NSString+SafeKit.m in Sources */ = {isa = PBXBuildFile; fileRef = 924D1A991900D07200247787 /* NSString+SafeKit.m */; };
		924D1AAD1900D07200247787 /* NSException+SafeKit.m in Sources */ = {isa = PBXBuildFile; fileRef = 924D1A9C1900D07200247787 /* NSException+SafeKit.m */; };
		924D1AAE1900D07200247787 /* NSObject+Swizzle.m in Sources */ = {isa = PBXBuildFile; fileRef = 924D1A9E1900D07200247787 /* NSObject+Swizzle.m */; };
		924D1AAF1900D07200247787 /* SafeKitConfig.m in Sources */ = {isa = PBXBuildFile; fileRef = 924D1AA01900D07200247787 /* SafeKitConfig.m */; };
		924D1AB01900D07200247787 /* SafeKitLog.m in Sources */ = {isa = PBXBuildFile; fileRef = 924D1AA31900D07200247787 /* SafeKitLog.m */; };
		924D1AB11900D07200247787 /* SafeKitMacro.m in Sources */ = {isa = PBXBuildFile; fileRef = 924D1AA51900D07200247787 /* SafeKitMacro.m */; };
		92FD03E8191C7EEC003CFE23 /* UIView+Utils.m in Sources */ = {isa = PBXBuildFile; fileRef = 92FD03E7191C7EEC003CFE23 /* UIView+Utils.m */; };
		92FD03EC191C8862003CFE23 /* InteractivePopNavigationController.m in Sources */ = {isa = PBXBuildFile; fileRef = 92FD03EB191C8862003CFE23 /* InteractivePopNavigationController.m */; };
		92FD03F5191CC070003CFE23 /* BaseTabBarController.m in Sources */ = {isa = PBXBuildFile; fileRef = 92FD03F4191CC070003CFE23 /* BaseTabBarController.m */; };
		92FD0402191CC3F6003CFE23 /* tbHighlight0.png in Resources */ = {isa = PBXBuildFile; fileRef = 92FD03F6191CC3F6003CFE23 /* tbHighlight0.png */; };
		92FD0403191CC3F6003CFE23 /* tbHighlight0@2x.png in Resources */ = {isa = PBXBuildFile; fileRef = 92FD03F7191CC3F6003CFE23 /* tbHighlight0@2x.png */; };
		92FD0404191CC3F6003CFE23 /* tbHighlight1.png in Resources */ = {isa = PBXBuildFile; fileRef = 92FD03F8191CC3F6003CFE23 /* tbHighlight1.png */; };
		92FD0405191CC3F6003CFE23 /* tbHighlight1@2x.png in Resources */ = {isa = PBXBuildFile; fileRef = 92FD03F9191CC3F6003CFE23 /* tbHighlight1@2x.png */; };
		92FD0406191CC3F6003CFE23 /* tbHighlight2.png in Resources */ = {isa = PBXBuildFile; fileRef = 92FD03FA191CC3F6003CFE23 /* tbHighlight2.png */; };
		92FD0407191CC3F6003CFE23 /* tbHighlight2@2x.png in Resources */ = {isa = PBXBuildFile; fileRef = 92FD03FB191CC3F6003CFE23 /* tbHighlight2@2x.png */; };
		92FD0408191CC3F6003CFE23 /* tbNormal0.png in Resources */ = {isa = PBXBuildFile; fileRef = 92FD03FC191CC3F6003CFE23 /* tbNormal0.png */; };
		92FD0409191CC3F6003CFE23 /* tbNormal0@2x.png in Resources */ = {isa = PBXBuildFile; fileRef = 92FD03FD191CC3F6003CFE23 /* tbNormal0@2x.png */; };
		92FD040A191CC3F6003CFE23 /* tbNormal1.png in Resources */ = {isa = PBXBuildFile; fileRef = 92FD03FE191CC3F6003CFE23 /* tbNormal1.png */; };
		92FD040B191CC3F6003CFE23 /* tbNormal1@2x.png in Resources */ = {isa = PBXBuildFile; fileRef = 92FD03FF191CC3F6003CFE23 /* tbNormal1@2x.png */; };
		92FD040C191CC3F6003CFE23 /* tbNormal2.png in Resources */ = {isa = PBXBuildFile; fileRef = 92FD0400191CC3F6003CFE23 /* tbNormal2.png */; };
		92FD040D191CC3F6003CFE23 /* tbNormal2@2x.png in Resources */ = {isa = PBXBuildFile; fileRef = 92FD0401191CC3F6003CFE23 /* tbNormal2@2x.png */; };
		92FD0410191CCE64003CFE23 /* tb_bg.png in Resources */ = {isa = PBXBuildFile; fileRef = 92FD040E191CCE64003CFE23 /* tb_bg.png */; };
		92FD0411191CCE64003CFE23 /* tb_bg@2x.png in Resources */ = {isa = PBXBuildFile; fileRef = 92FD040F191CCE64003CFE23 /* tb_bg@2x.png */; };
/* End PBXBuildFile section */

/* Begin PBXFileReference section */
		25BD2486049245F89E7307AD /* libPods.a */ = {isa = PBXFileReference; explicitFileType = archive.ar; includeInIndex = 0; path = libPods.a; sourceTree = BUILT_PRODUCTS_DIR; };
		7715D3C5BA0341CF85922AE5 /* Pods.xcconfig */ = {isa = PBXFileReference; includeInIndex = 1; lastKnownFileType = text.xcconfig; name = Pods.xcconfig; path = Pods/Pods.xcconfig; sourceTree = "<group>"; };
		924D198C18FFCFDD00247787 /* IOS.app */ = {isa = PBXFileReference; explicitFileType = wrapper.application; includeInIndex = 0; path = IOS.app; sourceTree = BUILT_PRODUCTS_DIR; };
		924D198F18FFCFDD00247787 /* Foundation.framework */ = {isa = PBXFileReference; lastKnownFileType = wrapper.framework; name = Foundation.framework; path = System/Library/Frameworks/Foundation.framework; sourceTree = SDKROOT; };
		924D199118FFCFDD00247787 /* CoreGraphics.framework */ = {isa = PBXFileReference; lastKnownFileType = wrapper.framework; name = CoreGraphics.framework; path = System/Library/Frameworks/CoreGraphics.framework; sourceTree = SDKROOT; };
		924D199318FFCFDD00247787 /* UIKit.framework */ = {isa = PBXFileReference; lastKnownFileType = wrapper.framework; name = UIKit.framework; path = System/Library/Frameworks/UIKit.framework; sourceTree = SDKROOT; };
		924D199718FFCFDD00247787 /* IOS-Info.plist */ = {isa = PBXFileReference; lastKnownFileType = text.plist.xml; path = "IOS-Info.plist"; sourceTree = "<group>"; };
		924D199918FFCFDD00247787 /* en */ = {isa = PBXFileReference; lastKnownFileType = text.plist.strings; name = en; path = en.lproj/InfoPlist.strings; sourceTree = "<group>"; };
		924D199B18FFCFDD00247787 /* main.m */ = {isa = PBXFileReference; lastKnownFileType = sourcecode.c.objc; path = main.m; sourceTree = "<group>"; };
		924D199D18FFCFDD00247787 /* IOS-Prefix.pch */ = {isa = PBXFileReference; lastKnownFileType = sourcecode.c.h; path = "IOS-Prefix.pch"; sourceTree = "<group>"; };
		924D199E18FFCFDD00247787 /* AppDelegate.h */ = {isa = PBXFileReference; lastKnownFileType = sourcecode.c.h; path = AppDelegate.h; sourceTree = "<group>"; };
		924D199F18FFCFDD00247787 /* AppDelegate.m */ = {isa = PBXFileReference; lastKnownFileType = sourcecode.c.objc; path = AppDelegate.m; sourceTree = "<group>"; };
		924D19A118FFCFDD00247787 /* Images.xcassets */ = {isa = PBXFileReference; lastKnownFileType = folder.assetcatalog; path = Images.xcassets; sourceTree = "<group>"; };
		924D19F218FFD63D00247787 /* BaseViewController.h */ = {isa = PBXFileReference; fileEncoding = 4; lastKnownFileType = sourcecode.c.h; path = BaseViewController.h; sourceTree = "<group>"; };
		924D19F318FFD63D00247787 /* BaseViewController.m */ = {isa = PBXFileReference; fileEncoding = 4; lastKnownFileType = sourcecode.c.objc; path = BaseViewController.m; sourceTree = "<group>"; };
		924D19FC18FFD75200247787 /* QuartzCore.framework */ = {isa = PBXFileReference; lastKnownFileType = wrapper.framework; name = QuartzCore.framework; path = System/Library/Frameworks/QuartzCore.framework; sourceTree = SDKROOT; };
		924D19FE18FFD89000247787 /* head.h */ = {isa = PBXFileReference; fileEncoding = 4; lastKnownFileType = sourcecode.c.h; path = head.h; sourceTree = "<group>"; };
		924D19FF18FFD8BE00247787 /* shareFun.h */ = {isa = PBXFileReference; fileEncoding = 4; lastKnownFileType = sourcecode.c.h; path = shareFun.h; sourceTree = "<group>"; };
		924D1A0018FFD8BE00247787 /* shareFun.m */ = {isa = PBXFileReference; fileEncoding = 4; lastKnownFileType = sourcecode.c.objc; path = shareFun.m; sourceTree = "<group>"; };
		924D1A0218FFD8EB00247787 /* FirstViewController.h */ = {isa = PBXFileReference; fileEncoding = 4; lastKnownFileType = sourcecode.c.h; path = FirstViewController.h; sourceTree = "<group>"; };
		924D1A0318FFD8EB00247787 /* FirstViewController.m */ = {isa = PBXFileReference; fileEncoding = 4; lastKnownFileType = sourcecode.c.objc; path = FirstViewController.m; sourceTree = "<group>"; };
		924D1A0418FFD8EB00247787 /* FirstViewController.xib */ = {isa = PBXFileReference; fileEncoding = 4; lastKnownFileType = file.xib; path = FirstViewController.xib; sourceTree = "<group>"; };
		924D1A0518FFD8EB00247787 /* SecondViewController.h */ = {isa = PBXFileReference; fileEncoding = 4; lastKnownFileType = sourcecode.c.h; path = SecondViewController.h; sourceTree = "<group>"; };
		924D1A0618FFD8EB00247787 /* SecondViewController.m */ = {isa = PBXFileReference; fileEncoding = 4; lastKnownFileType = sourcecode.c.objc; path = SecondViewController.m; sourceTree = "<group>"; };
		924D1A0718FFD8EB00247787 /* SecondViewController.xib */ = {isa = PBXFileReference; fileEncoding = 4; lastKnownFileType = file.xib; path = SecondViewController.xib; sourceTree = "<group>"; };
		924D1A0818FFD8EB00247787 /* ThirdViewController.h */ = {isa = PBXFileReference; fileEncoding = 4; lastKnownFileType = sourcecode.c.h; path = ThirdViewController.h; sourceTree = "<group>"; };
		924D1A0918FFD8EB00247787 /* ThirdViewController.m */ = {isa = PBXFileReference; fileEncoding = 4; lastKnownFileType = sourcecode.c.objc; path = ThirdViewController.m; sourceTree = "<group>"; };
		924D1A0A18FFD8EB00247787 /* ThirdViewController.xib */ = {isa = PBXFileReference; fileEncoding = 4; lastKnownFileType = file.xib; path = ThirdViewController.xib; sourceTree = "<group>"; };
		924D1A0B18FFD8EB00247787 /* FourthViewController.h */ = {isa = PBXFileReference; fileEncoding = 4; lastKnownFileType = sourcecode.c.h; path = FourthViewController.h; sourceTree = "<group>"; };
		924D1A0C18FFD8EB00247787 /* FourthViewController.m */ = {isa = PBXFileReference; fileEncoding = 4; lastKnownFileType = sourcecode.c.objc; path = FourthViewController.m; sourceTree = "<group>"; };
		924D1A0D18FFD8EB00247787 /* FourthViewController.xib */ = {isa = PBXFileReference; fileEncoding = 4; lastKnownFileType = file.xib; path = FourthViewController.xib; sourceTree = "<group>"; };
		924D1A1C18FFDAE300247787 /* navigationbar_background_tall.png */ = {isa = PBXFileReference; lastKnownFileType = image.png; path = navigationbar_background_tall.png; sourceTree = "<group>"; };
		924D1A1D18FFDAE300247787 /* navigationbar_background_tall@2x.png */ = {isa = PBXFileReference; lastKnownFileType = image.png; path = "navigationbar_background_tall@2x.png"; sourceTree = "<group>"; };
		924D1A1E18FFDAE300247787 /* navigationbar_background.png */ = {isa = PBXFileReference; lastKnownFileType = image.png; path = navigationbar_background.png; sourceTree = "<group>"; };
		924D1A1F18FFDAE300247787 /* navigationbar_background@2x.png */ = {isa = PBXFileReference; lastKnownFileType = image.png; path = "navigationbar_background@2x.png"; sourceTree = "<group>"; };
		924D1A891900D07200247787 /* DurexKit.h */ = {isa = PBXFileReference; fileEncoding = 4; lastKnownFileType = sourcecode.c.h; path = DurexKit.h; sourceTree = "<group>"; };
		924D1A8B1900D07200247787 /* Foundation+SafeKit.h */ = {isa = PBXFileReference; fileEncoding = 4; lastKnownFileType = sourcecode.c.h; path = "Foundation+SafeKit.h"; sourceTree = "<group>"; };
		924D1A8C1900D07200247787 /* NSArray+SafeKit.h */ = {isa = PBXFileReference; fileEncoding = 4; lastKnownFileType = sourcecode.c.h; path = "NSArray+SafeKit.h"; sourceTree = "<group>"; };
		924D1A8D1900D07200247787 /* NSArray+SafeKit.m */ = {isa = PBXFileReference; fileEncoding = 4; lastKnownFileType = sourcecode.c.objc; path = "NSArray+SafeKit.m"; sourceTree = "<group>"; };
		924D1A8E1900D07200247787 /* NSDictionary+SafeKit.h */ = {isa = PBXFileReference; fileEncoding = 4; lastKnownFileType = sourcecode.c.h; path = "NSDictionary+SafeKit.h"; sourceTree = "<group>"; };
		924D1A8F1900D07200247787 /* NSDictionary+SafeKit.m */ = {isa = PBXFileReference; fileEncoding = 4; lastKnownFileType = sourcecode.c.objc; path = "NSDictionary+SafeKit.m"; sourceTree = "<group>"; };
		924D1A901900D07200247787 /* NSMutableArray+SafeKit.h */ = {isa = PBXFileReference; fileEncoding = 4; lastKnownFileType = sourcecode.c.h; path = "NSMutableArray+SafeKit.h"; sourceTree = "<group>"; };
		924D1A911900D07200247787 /* NSMutableArray+SafeKit.m */ = {isa = PBXFileReference; fileEncoding = 4; lastKnownFileType = sourcecode.c.objc; path = "NSMutableArray+SafeKit.m"; sourceTree = "<group>"; };
		924D1A921900D07200247787 /* NSMutableDictionary+SafeKit.h */ = {isa = PBXFileReference; fileEncoding = 4; lastKnownFileType = sourcecode.c.h; path = "NSMutableDictionary+SafeKit.h"; sourceTree = "<group>"; };
		924D1A931900D07200247787 /* NSMutableDictionary+SafeKit.m */ = {isa = PBXFileReference; fileEncoding = 4; lastKnownFileType = sourcecode.c.objc; path = "NSMutableDictionary+SafeKit.m"; sourceTree = "<group>"; };
		924D1A941900D07200247787 /* NSMutableString+SafeKit.h */ = {isa = PBXFileReference; fileEncoding = 4; lastKnownFileType = sourcecode.c.h; path = "NSMutableString+SafeKit.h"; sourceTree = "<group>"; };
		924D1A951900D07200247787 /* NSMutableString+SafeKit.m */ = {isa = PBXFileReference; fileEncoding = 4; lastKnownFileType = sourcecode.c.objc; path = "NSMutableString+SafeKit.m"; sourceTree = "<group>"; };
		924D1A961900D07200247787 /* NSObject+SafeKit.h */ = {isa = PBXFileReference; fileEncoding = 4; lastKnownFileType = sourcecode.c.h; path = "NSObject+SafeKit.h"; sourceTree = "<group>"; };
		924D1A971900D07200247787 /* NSObject+SafeKit.m */ = {isa = PBXFileReference; fileEncoding = 4; lastKnownFileType = sourcecode.c.objc; path = "NSObject+SafeKit.m"; sourceTree = "<group>"; };
		924D1A981900D07200247787 /* NSString+SafeKit.h */ = {isa = PBXFileReference; fileEncoding = 4; lastKnownFileType = sourcecode.c.h; path = "NSString+SafeKit.h"; sourceTree = "<group>"; };
		924D1A991900D07200247787 /* NSString+SafeKit.m */ = {isa = PBXFileReference; fileEncoding = 4; lastKnownFileType = sourcecode.c.objc; path = "NSString+SafeKit.m"; sourceTree = "<group>"; };
		924D1A9B1900D07200247787 /* NSException+SafeKit.h */ = {isa = PBXFileReference; fileEncoding = 4; lastKnownFileType = sourcecode.c.h; path = "NSException+SafeKit.h"; sourceTree = "<group>"; };
		924D1A9C1900D07200247787 /* NSException+SafeKit.m */ = {isa = PBXFileReference; fileEncoding = 4; lastKnownFileType = sourcecode.c.objc; path = "NSException+SafeKit.m"; sourceTree = "<group>"; };
		924D1A9D1900D07200247787 /* NSObject+Swizzle.h */ = {isa = PBXFileReference; fileEncoding = 4; lastKnownFileType = sourcecode.c.h; path = "NSObject+Swizzle.h"; sourceTree = "<group>"; };
		924D1A9E1900D07200247787 /* NSObject+Swizzle.m */ = {isa = PBXFileReference; fileEncoding = 4; lastKnownFileType = sourcecode.c.objc; path = "NSObject+Swizzle.m"; sourceTree = "<group>"; };
		924D1A9F1900D07200247787 /* SafeKitConfig.h */ = {isa = PBXFileReference; fileEncoding = 4; lastKnownFileType = sourcecode.c.h; path = SafeKitConfig.h; sourceTree = "<group>"; };
		924D1AA01900D07200247787 /* SafeKitConfig.m */ = {isa = PBXFileReference; fileEncoding = 4; lastKnownFileType = sourcecode.c.objc; path = SafeKitConfig.m; sourceTree = "<group>"; };
		924D1AA11900D07200247787 /* SafeKitCore.h */ = {isa = PBXFileReference; fileEncoding = 4; lastKnownFileType = sourcecode.c.h; path = SafeKitCore.h; sourceTree = "<group>"; };
		924D1AA21900D07200247787 /* SafeKitLog.h */ = {isa = PBXFileReference; fileEncoding = 4; lastKnownFileType = sourcecode.c.h; path = SafeKitLog.h; sourceTree = "<group>"; };
		924D1AA31900D07200247787 /* SafeKitLog.m */ = {isa = PBXFileReference; fileEncoding = 4; lastKnownFileType = sourcecode.c.objc; path = SafeKitLog.m; sourceTree = "<group>"; };
		924D1AA41900D07200247787 /* SafeKitMacro.h */ = {isa = PBXFileReference; fileEncoding = 4; lastKnownFileType = sourcecode.c.h; path = SafeKitMacro.h; sourceTree = "<group>"; };
		924D1AA51900D07200247787 /* SafeKitMacro.m */ = {isa = PBXFileReference; fileEncoding = 4; lastKnownFileType = sourcecode.c.objc; path = SafeKitMacro.m; sourceTree = "<group>"; };
		92FD03E6191C7EEC003CFE23 /* UIView+Utils.h */ = {isa = PBXFileReference; fileEncoding = 4; lastKnownFileType = sourcecode.c.h; path = "UIView+Utils.h"; sourceTree = "<group>"; };
		92FD03E7191C7EEC003CFE23 /* UIView+Utils.m */ = {isa = PBXFileReference; fileEncoding = 4; lastKnownFileType = sourcecode.c.objc; path = "UIView+Utils.m"; sourceTree = "<group>"; };
		92FD03EA191C8862003CFE23 /* InteractivePopNavigationController.h */ = {isa = PBXFileReference; fileEncoding = 4; lastKnownFileType = sourcecode.c.h; path = InteractivePopNavigationController.h; sourceTree = "<group>"; };
		92FD03EB191C8862003CFE23 /* InteractivePopNavigationController.m */ = {isa = PBXFileReference; fileEncoding = 4; lastKnownFileType = sourcecode.c.objc; path = InteractivePopNavigationController.m; sourceTree = "<group>"; };
		92FD03F3191CC070003CFE23 /* BaseTabBarController.h */ = {isa = PBXFileReference; fileEncoding = 4; lastKnownFileType = sourcecode.c.h; path = BaseTabBarController.h; sourceTree = "<group>"; };
		92FD03F4191CC070003CFE23 /* BaseTabBarController.m */ = {isa = PBXFileReference; fileEncoding = 4; lastKnownFileType = sourcecode.c.objc; path = BaseTabBarController.m; sourceTree = "<group>"; };
		92FD03F6191CC3F6003CFE23 /* tbHighlight0.png */ = {isa = PBXFileReference; lastKnownFileType = image.png; path = tbHighlight0.png; sourceTree = "<group>"; };
		92FD03F7191CC3F6003CFE23 /* tbHighlight0@2x.png */ = {isa = PBXFileReference; lastKnownFileType = image.png; path = "tbHighlight0@2x.png"; sourceTree = "<group>"; };
		92FD03F8191CC3F6003CFE23 /* tbHighlight1.png */ = {isa = PBXFileReference; lastKnownFileType = image.png; path = tbHighlight1.png; sourceTree = "<group>"; };
		92FD03F9191CC3F6003CFE23 /* tbHighlight1@2x.png */ = {isa = PBXFileReference; lastKnownFileType = image.png; path = "tbHighlight1@2x.png"; sourceTree = "<group>"; };
		92FD03FA191CC3F6003CFE23 /* tbHighlight2.png */ = {isa = PBXFileReference; lastKnownFileType = image.png; path = tbHighlight2.png; sourceTree = "<group>"; };
		92FD03FB191CC3F6003CFE23 /* tbHighlight2@2x.png */ = {isa = PBXFileReference; lastKnownFileType = image.png; path = "tbHighlight2@2x.png"; sourceTree = "<group>"; };
		92FD03FC191CC3F6003CFE23 /* tbNormal0.png */ = {isa = PBXFileReference; lastKnownFileType = image.png; path = tbNormal0.png; sourceTree = "<group>"; };
		92FD03FD191CC3F6003CFE23 /* tbNormal0@2x.png */ = {isa = PBXFileReference; lastKnownFileType = image.png; path = "tbNormal0@2x.png"; sourceTree = "<group>"; };
		92FD03FE191CC3F6003CFE23 /* tbNormal1.png */ = {isa = PBXFileReference; lastKnownFileType = image.png; path = tbNormal1.png; sourceTree = "<group>"; };
		92FD03FF191CC3F6003CFE23 /* tbNormal1@2x.png */ = {isa = PBXFileReference; lastKnownFileType = image.png; path = "tbNormal1@2x.png"; sourceTree = "<group>"; };
		92FD0400191CC3F6003CFE23 /* tbNormal2.png */ = {isa = PBXFileReference; lastKnownFileType = image.png; path = tbNormal2.png; sourceTree = "<group>"; };
		92FD0401191CC3F6003CFE23 /* tbNormal2@2x.png */ = {isa = PBXFileReference; lastKnownFileType = image.png; path = "tbNormal2@2x.png"; sourceTree = "<group>"; };
		92FD040E191CCE64003CFE23 /* tb_bg.png */ = {isa = PBXFileReference; lastKnownFileType = image.png; path = tb_bg.png; sourceTree = "<group>"; };
		92FD040F191CCE64003CFE23 /* tb_bg@2x.png */ = {isa = PBXFileReference; lastKnownFileType = image.png; path = "tb_bg@2x.png"; sourceTree = "<group>"; };
/* End PBXFileReference section */

/* Begin PBXFrameworksBuildPhase section */
		924D198918FFCFDD00247787 /* Frameworks */ = {
			isa = PBXFrameworksBuildPhase;
			buildActionMask = 2147483647;
			files = (
				924D19FD18FFD75200247787 /* QuartzCore.framework in Frameworks */,
				924D199218FFCFDD00247787 /* CoreGraphics.framework in Frameworks */,
				924D199418FFCFDD00247787 /* UIKit.framework in Frameworks */,
				924D199018FFCFDD00247787 /* Foundation.framework in Frameworks */,
				4C6F2C95F92346FF824B2B1E /* libPods.a in Frameworks */,
			);
			runOnlyForDeploymentPostprocessing = 0;
		};
/* End PBXFrameworksBuildPhase section */

/* Begin PBXGroup section */
		924D198318FFCFDD00247787 = {
			isa = PBXGroup;
			children = (
				924D199518FFCFDD00247787 /* IOS */,
				924D1A1618FFDA8400247787 /* Images */,
				924D198E18FFCFDD00247787 /* Frameworks */,
				924D198D18FFCFDD00247787 /* Products */,
				7715D3C5BA0341CF85922AE5 /* Pods.xcconfig */,
			);
			sourceTree = "<group>";
		};
		924D198D18FFCFDD00247787 /* Products */ = {
			isa = PBXGroup;
			children = (
				924D198C18FFCFDD00247787 /* IOS.app */,
			);
			name = Products;
			sourceTree = "<group>";
		};
		924D198E18FFCFDD00247787 /* Frameworks */ = {
			isa = PBXGroup;
			children = (
				924D19FC18FFD75200247787 /* QuartzCore.framework */,
				924D198F18FFCFDD00247787 /* Foundation.framework */,
				924D199118FFCFDD00247787 /* CoreGraphics.framework */,
				924D199318FFCFDD00247787 /* UIKit.framework */,
				25BD2486049245F89E7307AD /* libPods.a */,
			);
			name = Frameworks;
			sourceTree = "<group>";
		};
		924D199518FFCFDD00247787 /* IOS */ = {
			isa = PBXGroup;
			children = (
				924D199E18FFCFDD00247787 /* AppDelegate.h */,
				924D199F18FFCFDD00247787 /* AppDelegate.m */,
				924D19A118FFCFDD00247787 /* Images.xcassets */,
				924D199618FFCFDD00247787 /* Supporting Files */,
				924D19C418FFD2DD00247787 /* Class */,
			);
			path = IOS;
			sourceTree = "<group>";
		};
		924D199618FFCFDD00247787 /* Supporting Files */ = {
			isa = PBXGroup;
			children = (
				924D199718FFCFDD00247787 /* IOS-Info.plist */,
				924D199818FFCFDD00247787 /* InfoPlist.strings */,
				924D199B18FFCFDD00247787 /* main.m */,
				924D199D18FFCFDD00247787 /* IOS-Prefix.pch */,
			);
			name = "Supporting Files";
			sourceTree = "<group>";
		};
		924D19C418FFD2DD00247787 /* Class */ = {
			isa = PBXGroup;
			children = (
				924D19C518FFD2DD00247787 /* Category */,
				924D19C618FFD2DD00247787 /* Model */,
				924D19C718FFD2DD00247787 /* ThirdParty */,
				924D19C818FFD2DD00247787 /* View */,
				924D19C918FFD2DD00247787 /* ViewControllers */,
			);
			path = Class;
			sourceTree = "<group>";
		};
		924D19C518FFD2DD00247787 /* Category */ = {
			isa = PBXGroup;
			children = (
				92FD03E6191C7EEC003CFE23 /* UIView+Utils.h */,
				92FD03E7191C7EEC003CFE23 /* UIView+Utils.m */,
			);
			path = Category;
			sourceTree = "<group>";
		};
		924D19C618FFD2DD00247787 /* Model */ = {
			isa = PBXGroup;
			children = (
				924D19FE18FFD89000247787 /* head.h */,
				924D19FF18FFD8BE00247787 /* shareFun.h */,
				924D1A0018FFD8BE00247787 /* shareFun.m */,
			);
			path = Model;
			sourceTree = "<group>";
		};
		924D19C718FFD2DD00247787 /* ThirdParty */ = {
			isa = PBXGroup;
			children = (
				92FD03E9191C8820003CFE23 /* InteractivePopNavigationController */,
				924D1A881900D07200247787 /* DurexKit */,
			);
			path = ThirdParty;
			sourceTree = "<group>";
		};
		924D19C818FFD2DD00247787 /* View */ = {
			isa = PBXGroup;
			children = (
			);
			path = View;
			sourceTree = "<group>";
		};
		924D19C918FFD2DD00247787 /* ViewControllers */ = {
			isa = PBXGroup;
			children = (
				92FD03F2191CC052003CFE23 /* 公共类 */,
				924D1A0218FFD8EB00247787 /* FirstViewController.h */,
				924D1A0318FFD8EB00247787 /* FirstViewController.m */,
				924D1A0418FFD8EB00247787 /* FirstViewController.xib */,
				924D1A0518FFD8EB00247787 /* SecondViewController.h */,
				924D1A0618FFD8EB00247787 /* SecondViewController.m */,
				924D1A0718FFD8EB00247787 /* SecondViewController.xib */,
				924D1A0818FFD8EB00247787 /* ThirdViewController.h */,
				924D1A0918FFD8EB00247787 /* ThirdViewController.m */,
				924D1A0A18FFD8EB00247787 /* ThirdViewController.xib */,
				924D1A0B18FFD8EB00247787 /* FourthViewController.h */,
				924D1A0C18FFD8EB00247787 /* FourthViewController.m */,
				924D1A0D18FFD8EB00247787 /* FourthViewController.xib */,
			);
			path = ViewControllers;
			sourceTree = "<group>";
		};
		924D1A1618FFDA8400247787 /* Images */ = {
			isa = PBXGroup;
			children = (
				924D1A1718FFDAB400247787 /* TabBar&NavigationBar */,
			);
			name = Images;
			path = IOS/Images;
			sourceTree = "<group>";
		};
		924D1A1718FFDAB400247787 /* TabBar&NavigationBar */ = {
			isa = PBXGroup;
			children = (
				92FD040E191CCE64003CFE23 /* tb_bg.png */,
				92FD040F191CCE64003CFE23 /* tb_bg@2x.png */,
				92FD03F6191CC3F6003CFE23 /* tbHighlight0.png */,
				92FD03F7191CC3F6003CFE23 /* tbHighlight0@2x.png */,
				92FD03F8191CC3F6003CFE23 /* tbHighlight1.png */,
				92FD03F9191CC3F6003CFE23 /* tbHighlight1@2x.png */,
				92FD03FA191CC3F6003CFE23 /* tbHighlight2.png */,
				92FD03FB191CC3F6003CFE23 /* tbHighlight2@2x.png */,
				92FD03FC191CC3F6003CFE23 /* tbNormal0.png */,
				92FD03FD191CC3F6003CFE23 /* tbNormal0@2x.png */,
				92FD03FE191CC3F6003CFE23 /* tbNormal1.png */,
				92FD03FF191CC3F6003CFE23 /* tbNormal1@2x.png */,
				92FD0400191CC3F6003CFE23 /* tbNormal2.png */,
				92FD0401191CC3F6003CFE23 /* tbNormal2@2x.png */,
				924D1A1C18FFDAE300247787 /* navigationbar_background_tall.png */,
				924D1A1D18FFDAE300247787 /* navigationbar_background_tall@2x.png */,
				924D1A1E18FFDAE300247787 /* navigationbar_background.png */,
				924D1A1F18FFDAE300247787 /* navigationbar_background@2x.png */,
			);
			path = "TabBar&NavigationBar";
			sourceTree = "<group>";
		};
		924D1A881900D07200247787 /* DurexKit */ = {
			isa = PBXGroup;
			children = (
				924D1A891900D07200247787 /* DurexKit.h */,
				924D1A8A1900D07200247787 /* Foundation */,
				924D1A9A1900D07200247787 /* SafeCore */,
			);
			path = DurexKit;
			sourceTree = "<group>";
		};
		924D1A8A1900D07200247787 /* Foundation */ = {
			isa = PBXGroup;
			children = (
				924D1A8B1900D07200247787 /* Foundation+SafeKit.h */,
				924D1A8C1900D07200247787 /* NSArray+SafeKit.h */,
				924D1A8D1900D07200247787 /* NSArray+SafeKit.m */,
				924D1A8E1900D07200247787 /* NSDictionary+SafeKit.h */,
				924D1A8F1900D07200247787 /* NSDictionary+SafeKit.m */,
				924D1A901900D07200247787 /* NSMutableArray+SafeKit.h */,
				924D1A911900D07200247787 /* NSMutableArray+SafeKit.m */,
				924D1A921900D07200247787 /* NSMutableDictionary+SafeKit.h */,
				924D1A931900D07200247787 /* NSMutableDictionary+SafeKit.m */,
				924D1A941900D07200247787 /* NSMutableString+SafeKit.h */,
				924D1A951900D07200247787 /* NSMutableString+SafeKit.m */,
				924D1A961900D07200247787 /* NSObject+SafeKit.h */,
				924D1A971900D07200247787 /* NSObject+SafeKit.m */,
				924D1A981900D07200247787 /* NSString+SafeKit.h */,
				924D1A991900D07200247787 /* NSString+SafeKit.m */,
			);
			path = Foundation;
			sourceTree = "<group>";
		};
		924D1A9A1900D07200247787 /* SafeCore */ = {
			isa = PBXGroup;
			children = (
				924D1A9B1900D07200247787 /* NSException+SafeKit.h */,
				924D1A9C1900D07200247787 /* NSException+SafeKit.m */,
				924D1A9D1900D07200247787 /* NSObject+Swizzle.h */,
				924D1A9E1900D07200247787 /* NSObject+Swizzle.m */,
				924D1A9F1900D07200247787 /* SafeKitConfig.h */,
				924D1AA01900D07200247787 /* SafeKitConfig.m */,
				924D1AA11900D07200247787 /* SafeKitCore.h */,
				924D1AA21900D07200247787 /* SafeKitLog.h */,
				924D1AA31900D07200247787 /* SafeKitLog.m */,
				924D1AA41900D07200247787 /* SafeKitMacro.h */,
				924D1AA51900D07200247787 /* SafeKitMacro.m */,
			);
			path = SafeCore;
			sourceTree = "<group>";
		};
		92FD03E9191C8820003CFE23 /* InteractivePopNavigationController */ = {
			isa = PBXGroup;
			children = (
				92FD03EA191C8862003CFE23 /* InteractivePopNavigationController.h */,
				92FD03EB191C8862003CFE23 /* InteractivePopNavigationController.m */,
			);
			path = InteractivePopNavigationController;
			sourceTree = "<group>";
		};
		92FD03F2191CC052003CFE23 /* 公共类 */ = {
			isa = PBXGroup;
			children = (
				924D19F218FFD63D00247787 /* BaseViewController.h */,
				924D19F318FFD63D00247787 /* BaseViewController.m */,
				92FD03F3191CC070003CFE23 /* BaseTabBarController.h */,
				92FD03F4191CC070003CFE23 /* BaseTabBarController.m */,
			);
			name = "公共类";
			sourceTree = "<group>";
		};
/* End PBXGroup section */

/* Begin PBXNativeTarget section */
		924D198B18FFCFDD00247787 /* IOS */ = {
			isa = PBXNativeTarget;
			buildConfigurationList = 924D19B818FFCFDD00247787 /* Build configuration list for PBXNativeTarget "IOS" */;
			buildPhases = (
				4899C1B0CB86428E8CDDBD78 /* Check Pods Manifest.lock */,
				924D198818FFCFDD00247787 /* Sources */,
				924D198918FFCFDD00247787 /* Frameworks */,
				924D198A18FFCFDD00247787 /* Resources */,
				32DA75FC07654FC0B974422A /* Copy Pods Resources */,
			);
			buildRules = (
			);
			dependencies = (
			);
			name = IOS;
			productName = IOS;
			productReference = 924D198C18FFCFDD00247787 /* IOS.app */;
			productType = "com.apple.product-type.application";
		};
/* End PBXNativeTarget section */

/* Begin PBXProject section */
		924D198418FFCFDD00247787 /* Project object */ = {
			isa = PBXProject;
			attributes = {
				LastUpgradeCheck = 0510;
				ORGANIZATIONNAME = Lihj;
			};
			buildConfigurationList = 924D198718FFCFDD00247787 /* Build configuration list for PBXProject "IOS" */;
			compatibilityVersion = "Xcode 3.2";
			developmentRegion = English;
			hasScannedForEncodings = 0;
			knownRegions = (
				en,
			);
			mainGroup = 924D198318FFCFDD00247787;
			productRefGroup = 924D198D18FFCFDD00247787 /* Products */;
			projectDirPath = "";
			projectRoot = "";
			targets = (
				924D198B18FFCFDD00247787 /* IOS */,
			);
		};
/* End PBXProject section */

/* Begin PBXResourcesBuildPhase section */
		924D198A18FFCFDD00247787 /* Resources */ = {
			isa = PBXResourcesBuildPhase;
			buildActionMask = 2147483647;
			files = (
				92FD040A191CC3F6003CFE23 /* tbNormal1.png in Resources */,
				92FD0408191CC3F6003CFE23 /* tbNormal0.png in Resources */,
				92FD0402191CC3F6003CFE23 /* tbHighlight0.png in Resources */,
				924D1A3018FFDAE300247787 /* navigationbar_background_tall.png in Resources */,
				92FD0411191CCE64003CFE23 /* tb_bg@2x.png in Resources */,
				924D199A18FFCFDD00247787 /* InfoPlist.strings in Resources */,
				92FD0407191CC3F6003CFE23 /* tbHighlight2@2x.png in Resources */,
				92FD0404191CC3F6003CFE23 /* tbHighlight1.png in Resources */,
				92FD040B191CC3F6003CFE23 /* tbNormal1@2x.png in Resources */,
				92FD040C191CC3F6003CFE23 /* tbNormal2.png in Resources */,
				92FD040D191CC3F6003CFE23 /* tbNormal2@2x.png in Resources */,
				92FD0410191CCE64003CFE23 /* tb_bg.png in Resources */,
				924D1A3118FFDAE300247787 /* navigationbar_background_tall@2x.png in Resources */,
				924D1A1318FFD8EB00247787 /* ThirdViewController.xib in Resources */,
				924D1A3318FFDAE300247787 /* navigationbar_background@2x.png in Resources */,
				92FD0406191CC3F6003CFE23 /* tbHighlight2.png in Resources */,
				924D19A218FFCFDD00247787 /* Images.xcassets in Resources */,
				92FD0409191CC3F6003CFE23 /* tbNormal0@2x.png in Resources */,
				924D1A1518FFD8EB00247787 /* FourthViewController.xib in Resources */,
				924D1A0F18FFD8EB00247787 /* FirstViewController.xib in Resources */,
				92FD0405191CC3F6003CFE23 /* tbHighlight1@2x.png in Resources */,
				924D1A3218FFDAE300247787 /* navigationbar_background.png in Resources */,
				924D1A1118FFD8EB00247787 /* SecondViewController.xib in Resources */,
				92FD0403191CC3F6003CFE23 /* tbHighlight0@2x.png in Resources */,
			);
			runOnlyForDeploymentPostprocessing = 0;
		};
/* End PBXResourcesBuildPhase section */

/* Begin PBXShellScriptBuildPhase section */
		32DA75FC07654FC0B974422A /* Copy Pods Resources */ = {
			isa = PBXShellScriptBuildPhase;
			buildActionMask = 2147483647;
			files = (
			);
			inputPaths = (
			);
			name = "Copy Pods Resources";
			outputPaths = (
			);
			runOnlyForDeploymentPostprocessing = 0;
			shellPath = /bin/sh;
			shellScript = "\"${SRCROOT}/Pods/Pods-resources.sh\"\n";
			showEnvVarsInLog = 0;
		};
		4899C1B0CB86428E8CDDBD78 /* Check Pods Manifest.lock */ = {
			isa = PBXShellScriptBuildPhase;
			buildActionMask = 2147483647;
			files = (
			);
			inputPaths = (
			);
			name = "Check Pods Manifest.lock";
			outputPaths = (
			);
			runOnlyForDeploymentPostprocessing = 0;
			shellPath = /bin/sh;
			shellScript = "diff \"${PODS_ROOT}/../Podfile.lock\" \"${PODS_ROOT}/Manifest.lock\" > /dev/null\nif [[ $? != 0 ]] ; then\n    cat << EOM\nerror: The sandbox is not in sync with the Podfile.lock. Run 'pod install' or update your CocoaPods installation.\nEOM\n    exit 1\nfi\n";
			showEnvVarsInLog = 0;
		};
/* End PBXShellScriptBuildPhase section */

/* Begin PBXSourcesBuildPhase section */
		924D198818FFCFDD00247787 /* Sources */ = {
			isa = PBXSourcesBuildPhase;
			buildActionMask = 2147483647;
			files = (
				924D1AA91900D07200247787 /* NSMutableDictionary+SafeKit.m in Sources */,
				924D1A0E18FFD8EB00247787 /* FirstViewController.m in Sources */,
				924D19F418FFD63D00247787 /* BaseViewController.m in Sources */,
				924D1AAB1900D07200247787 /* NSObject+SafeKit.m in Sources */,
				924D1AAA1900D07200247787 /* NSMutableString+SafeKit.m in Sources */,
				924D1AB11900D07200247787 /* SafeKitMacro.m in Sources */,
				92FD03E8191C7EEC003CFE23 /* UIView+Utils.m in Sources */,
				924D1AAC1900D07200247787 /* NSString+SafeKit.m in Sources */,
				924D1AAF1900D07200247787 /* SafeKitConfig.m in Sources */,
				924D1A1218FFD8EB00247787 /* ThirdViewController.m in Sources */,
				92FD03EC191C8862003CFE23 /* InteractivePopNavigationController.m in Sources */,
				924D1AA71900D07200247787 /* NSDictionary+SafeKit.m in Sources */,
				924D1A1418FFD8EB00247787 /* FourthViewController.m in Sources */,
				924D1AA81900D07200247787 /* NSMutableArray+SafeKit.m in Sources */,
				924D19A018FFCFDD00247787 /* AppDelegate.m in Sources */,
				924D1A0118FFD8BE00247787 /* shareFun.m in Sources */,
				924D1AAD1900D07200247787 /* NSException+SafeKit.m in Sources */,
				924D1AAE1900D07200247787 /* NSObject+Swizzle.m in Sources */,
				924D1AB01900D07200247787 /* SafeKitLog.m in Sources */,
				92FD03F5191CC070003CFE23 /* BaseTabBarController.m in Sources */,
				924D1A1018FFD8EB00247787 /* SecondViewController.m in Sources */,
				924D199C18FFCFDD00247787 /* main.m in Sources */,
				924D1AA61900D07200247787 /* NSArray+SafeKit.m in Sources */,
			);
			runOnlyForDeploymentPostprocessing = 0;
		};
/* End PBXSourcesBuildPhase section */

/* Begin PBXVariantGroup section */
		924D199818FFCFDD00247787 /* InfoPlist.strings */ = {
			isa = PBXVariantGroup;
			children = (
				924D199918FFCFDD00247787 /* en */,
			);
			name = InfoPlist.strings;
			sourceTree = "<group>";
		};
/* End PBXVariantGroup section */

/* Begin XCBuildConfiguration section */
		924D19B618FFCFDD00247787 /* Debug */ = {
			isa = XCBuildConfiguration;
			buildSettings = {
				ALWAYS_SEARCH_USER_PATHS = NO;
				CLANG_CXX_LANGUAGE_STANDARD = "gnu++0x";
				CLANG_CXX_LIBRARY = "libc++";
				CLANG_ENABLE_MODULES = YES;
				CLANG_ENABLE_OBJC_ARC = YES;
				CLANG_WARN_BOOL_CONVERSION = YES;
				CLANG_WARN_CONSTANT_CONVERSION = YES;
				CLANG_WARN_DIRECT_OBJC_ISA_USAGE = YES_ERROR;
				CLANG_WARN_EMPTY_BODY = YES;
				CLANG_WARN_ENUM_CONVERSION = YES;
				CLANG_WARN_INT_CONVERSION = YES;
				CLANG_WARN_OBJC_ROOT_CLASS = YES_ERROR;
				CLANG_WARN__DUPLICATE_METHOD_MATCH = YES;
				"CODE_SIGN_IDENTITY[sdk=iphoneos*]" = "iPhone Developer";
				COPY_PHASE_STRIP = NO;
				GCC_C_LANGUAGE_STANDARD = gnu99;
				GCC_DYNAMIC_NO_PIC = NO;
				GCC_OPTIMIZATION_LEVEL = 0;
				GCC_PREPROCESSOR_DEFINITIONS = (
					"DEBUG=1",
					"$(inherited)",
				);
				GCC_SYMBOLS_PRIVATE_EXTERN = NO;
				GCC_WARN_64_TO_32_BIT_CONVERSION = YES;
				GCC_WARN_ABOUT_RETURN_TYPE = YES_ERROR;
				GCC_WARN_UNDECLARED_SELECTOR = YES;
				GCC_WARN_UNINITIALIZED_AUTOS = YES_AGGRESSIVE;
				GCC_WARN_UNUSED_FUNCTION = YES;
				GCC_WARN_UNUSED_VARIABLE = YES;
				IPHONEOS_DEPLOYMENT_TARGET = 7.1;
				ONLY_ACTIVE_ARCH = YES;
				SDKROOT = iphoneos;
				VALID_ARCHS = "arm64 armv7 armv7s";
			};
			name = Debug;
		};
		924D19B718FFCFDD00247787 /* Release */ = {
			isa = XCBuildConfiguration;
			buildSettings = {
				ALWAYS_SEARCH_USER_PATHS = NO;
				CLANG_CXX_LANGUAGE_STANDARD = "gnu++0x";
				CLANG_CXX_LIBRARY = "libc++";
				CLANG_ENABLE_MODULES = YES;
				CLANG_ENABLE_OBJC_ARC = YES;
				CLANG_WARN_BOOL_CONVERSION = YES;
				CLANG_WARN_CONSTANT_CONVERSION = YES;
				CLANG_WARN_DIRECT_OBJC_ISA_USAGE = YES_ERROR;
				CLANG_WARN_EMPTY_BODY = YES;
				CLANG_WARN_ENUM_CONVERSION = YES;
				CLANG_WARN_INT_CONVERSION = YES;
				CLANG_WARN_OBJC_ROOT_CLASS = YES_ERROR;
				CLANG_WARN__DUPLICATE_METHOD_MATCH = YES;
				"CODE_SIGN_IDENTITY[sdk=iphoneos*]" = "iPhone Developer";
				COPY_PHASE_STRIP = YES;
				ENABLE_NS_ASSERTIONS = NO;
				GCC_C_LANGUAGE_STANDARD = gnu99;
				GCC_WARN_64_TO_32_BIT_CONVERSION = YES;
				GCC_WARN_ABOUT_RETURN_TYPE = YES_ERROR;
				GCC_WARN_UNDECLARED_SELECTOR = YES;
				GCC_WARN_UNINITIALIZED_AUTOS = YES_AGGRESSIVE;
				GCC_WARN_UNUSED_FUNCTION = YES;
				GCC_WARN_UNUSED_VARIABLE = YES;
				IPHONEOS_DEPLOYMENT_TARGET = 7.1;
				SDKROOT = iphoneos;
				VALIDATE_PRODUCT = YES;
				VALID_ARCHS = "arm64 armv7 armv7s";
			};
			name = Release;
		};
		924D19B918FFCFDD00247787 /* Debug */ = {
			isa = XCBuildConfiguration;
			baseConfigurationReference = 7715D3C5BA0341CF85922AE5 /* Pods.xcconfig */;
			buildSettings = {
				ASSETCATALOG_COMPILER_APPICON_NAME = AppIcon;
				ASSETCATALOG_COMPILER_LAUNCHIMAGE_NAME = LaunchImage;
				GCC_PRECOMPILE_PREFIX_HEADER = YES;
				GCC_PREFIX_HEADER = "IOS/IOS-Prefix.pch";
				INFOPLIST_FILE = "IOS/IOS-Info.plist";
				IPHONEOS_DEPLOYMENT_TARGET = 6.0;
				PRODUCT_NAME = "$(TARGET_NAME)";
				VALID_ARCHS = "armv7 armv7s arm64";
				WRAPPER_EXTENSION = app;
			};
			name = Debug;
		};
		924D19BA18FFCFDD00247787 /* Release */ = {
			isa = XCBuildConfiguration;
			baseConfigurationReference = 7715D3C5BA0341CF85922AE5 /* Pods.xcconfig */;
			buildSettings = {
				ASSETCATALOG_COMPILER_APPICON_NAME = AppIcon;
				ASSETCATALOG_COMPILER_LAUNCHIMAGE_NAME = LaunchImage;
				GCC_PRECOMPILE_PREFIX_HEADER = YES;
				GCC_PREFIX_HEADER = "IOS/IOS-Prefix.pch";
				INFOPLIST_FILE = "IOS/IOS-Info.plist";
				IPHONEOS_DEPLOYMENT_TARGET = 6.0;
				PRODUCT_NAME = "$(TARGET_NAME)";
				VALID_ARCHS = "armv7 armv7s arm64";
				WRAPPER_EXTENSION = app;
			};
			name = Release;
		};
/* End XCBuildConfiguration section */

/* Begin XCConfigurationList section */
		924D198718FFCFDD00247787 /* Build configuration list for PBXProject "IOS" */ = {
			isa = XCConfigurationList;
			buildConfigurations = (
				924D19B618FFCFDD00247787 /* Debug */,
				924D19B718FFCFDD00247787 /* Release */,
			);
			defaultConfigurationIsVisible = 0;
			defaultConfigurationName = Release;
		};
		924D19B818FFCFDD00247787 /* Build configuration list for PBXNativeTarget "IOS" */ = {
			isa = XCConfigurationList;
			buildConfigurations = (
				924D19B918FFCFDD00247787 /* Debug */,
				924D19BA18FFCFDD00247787 /* Release */,
			);
			defaultConfigurationIsVisible = 0;
			defaultConfigurationName = Release;
		};
/* End XCConfigurationList section */
	};
	rootObject = 924D198418FFCFDD00247787 /* Project object */;
}
